# This file is automatically @generated by Poetry and should not be changed by hand.

[[package]]
name = "click"
version = "8.1.3"
description = "Composable command line interface toolkit"
category = "main"
optional = false
python-versions = ">=3.7"
files = [
    {file = "click-8.1.3-py3-none-any.whl", hash = "sha256:bb4d8133cb15a609f44e8213d9b391b0809795062913b383c62be0ee95b1db48"},
    {file = "click-8.1.3.tar.gz", hash = "sha256:7682dc8afb30297001674575ea00d1814d808d6a36af415a82bd481d37ba7b8e"},
]

[package.dependencies]
colorama = {version = "*", markers = "platform_system == \"Windows\""}

[[package]]
name = "colorama"
version = "0.4.6"
description = "Cross-platform colored terminal text."
category = "main"
optional = false
python-versions = "!=3.0.*,!=3.1.*,!=3.2.*,!=3.3.*,!=3.4.*,!=3.5.*,!=3.6.*,>=2.7"
files = [
    {file = "colorama-0.4.6-py2.py3-none-any.whl", hash = "sha256:4f1d9991f5acc0ca119f9d443620b77f9d6b33703e51011c16baf57afb285fc6"},
    {file = "colorama-0.4.6.tar.gz", hash = "sha256:08695f5cb7ed6e0531a20572697297273c47b8cae5a63ffc6d6ed5c201be6e44"},
]

[[package]]
name = "datetime"
version = "5.0"
description = "This package provides a DateTime data type, as known from Zope. Unless you need to communicate with Zope APIs, you're probably better off using Python's built-in datetime module."
category = "main"
optional = false
python-versions = "*"
files = [
    {file = "DateTime-5.0-py3-none-any.whl", hash = "sha256:22d3622eec9cfe73b16e5c5ff5f05d8c1154e32f01e56560f3d20b834ceea2d7"},
    {file = "DateTime-5.0.tar.gz", hash = "sha256:20e4e0ff01e07d2e8de863e7e2b63b1bde6ec049098e244ab89a2c4bc4342ac1"},
]

[package.dependencies]
pytz = "*"
"zope.interface" = "*"

[[package]]
name = "dominate"
version = "2.7.0"
description = "Dominate is a Python library for creating and manipulating HTML documents using an elegant DOM API."
category = "main"
optional = false
python-versions = ">=2.7, !=3.0.*, !=3.1.*, !=3.2.*, !=3.3.*"
files = [
    {file = "dominate-2.7.0-py2.py3-none-any.whl", hash = "sha256:5fe4258614687c6d3de67b0bbd881ed435a93a19742ae187344055db17052402"},
    {file = "dominate-2.7.0.tar.gz", hash = "sha256:520101360892ebf9d0553f67d37e359ff92403d8a1e33814030503088a05da49"},
]

[[package]]
name = "flask"
version = "2.2.2"
description = "A simple framework for building complex web applications."
category = "main"
optional = false
python-versions = ">=3.7"
files = [
    {file = "Flask-2.2.2-py3-none-any.whl", hash = "sha256:b9c46cc36662a7949f34b52d8ec7bb59c0d74ba08ba6cb9ce9adc1d8676d9526"},
    {file = "Flask-2.2.2.tar.gz", hash = "sha256:642c450d19c4ad482f96729bd2a8f6d32554aa1e231f4f6b4e7e5264b16cca2b"},
]

[package.dependencies]
click = ">=8.0"
itsdangerous = ">=2.0"
Jinja2 = ">=3.0"
Werkzeug = ">=2.2.2"

[package.extras]
async = ["asgiref (>=3.2)"]
dotenv = ["python-dotenv"]

[[package]]
name = "flask-bootstrap"
version = "3.3.7.1"
description = "An extension that includes Bootstrap in your project, without any boilerplate code."
category = "main"
optional = false
python-versions = "*"
files = [
    {file = "Flask-Bootstrap-3.3.7.1.tar.gz", hash = "sha256:cb08ed940183f6343a64e465e83b3a3f13c53e1baabb8d72b5da4545ef123ac8"},
]

[package.dependencies]
dominate = "*"
Flask = ">=0.8"
visitor = "*"

[[package]]
name = "flask-ckeditor"
version = "0.4.6"
description = "CKEditor integration for Flask."
category = "main"
optional = false
python-versions = "*"
files = [
    {file = "Flask-CKEditor-0.4.6.tar.gz", hash = "sha256:4b6aa0e831616b86c8c393cb1e5dcae8f62c66c16ef4316071dc7ccf77d4c9a1"},
    {file = "Flask_CKEditor-0.4.6-py2.py3-none-any.whl", hash = "sha256:aa95bf2fab8d4379fcbe5786310bb4fbae467016ed0149c407101e0e4c278fa8"},
]

[package.dependencies]
Flask = "*"

[[package]]
name = "flask-gravatar"
version = "0.5.0"
description = "Small extension for Flask to make usage of Gravatar service easy."
category = "main"
optional = false
python-versions = "*"
files = [
    {file = "Flask-Gravatar-0.5.0.tar.gz", hash = "sha256:60665f31c2c612891db68ff801e93ed3a0881c6c8ec346abc64d2a9923f562e1"},
    {file = "Flask_Gravatar-0.5.0-py2.py3-none-any.whl", hash = "sha256:93be048a58cef92345e7bfc78e918e7f4c729b3a33646510b71948c024e7f591"},
]

[package.dependencies]
Flask = ">=0.10"

[package.extras]
all = ["Sphinx (>=1.4.2)", "Sphinx (>=1.4.2)", "check-manifest (>=0.25)", "check-manifest (>=0.25)", "coverage (>=4.0)", "coverage (>=4.0)", "isort (>=4.2.2)", "isort (>=4.2.2)", "pydocstyle (>=1.0.0)", "pydocstyle (>=1.0.0)", "pytest (>=2.8.0)", "pytest (>=2.8.0)", "pytest-cache (>=1.0)", "pytest-cache (>=1.0)", "pytest-cov (>=1.8.0)", "pytest-cov (>=1.8.0)", "pytest-pep8 (>=1.0.6)", "pytest-pep8 (>=1.0.6)"]
docs = ["Sphinx (>=1.4.2)"]
tests = ["check-manifest (>=0.25)", "coverage (>=4.0)", "isort (>=4.2.2)", "pydocstyle (>=1.0.0)", "pytest (>=2.8.0)", "pytest-cache (>=1.0)", "pytest-cov (>=1.8.0)", "pytest-pep8 (>=1.0.6)"]

[[package]]
name = "flask-login"
version = "0.6.2"
description = "User authentication and session management for Flask."
category = "main"
optional = false
python-versions = ">=3.7"
files = [
    {file = "Flask-Login-0.6.2.tar.gz", hash = "sha256:c0a7baa9fdc448cdd3dd6f0939df72eec5177b2f7abe6cb82fc934d29caac9c3"},
    {file = "Flask_Login-0.6.2-py3-none-any.whl", hash = "sha256:1ef79843f5eddd0f143c2cd994c1b05ac83c0401dc6234c143495af9a939613f"},
]

[package.dependencies]
Flask = ">=1.0.4"
Werkzeug = ">=1.0.1"

[[package]]
name = "flask-sqlalchemy"
version = "3.0.2"
description = "Add SQLAlchemy support to your Flask application."
category = "main"
optional = false
python-versions = ">=3.7"
files = [
    {file = "Flask-SQLAlchemy-3.0.2.tar.gz", hash = "sha256:16199f5b3ddfb69e0df2f52ae4c76aedbfec823462349dabb21a1b2e0a2b65e9"},
    {file = "Flask_SQLAlchemy-3.0.2-py3-none-any.whl", hash = "sha256:7d0cd9cf73e64a996bb881a1ebd01633fc5a6d11c36ea27f7b5e251dc45476e7"},
]

[package.dependencies]
Flask = ">=2.2"
SQLAlchemy = ">=1.4.18"

[[package]]
name = "flask-wtf"
version = "1.1.1"
description = "Form rendering, validation, and CSRF protection for Flask with WTForms."
category = "main"
optional = false
python-versions = ">=3.7"
files = [
    {file = "Flask-WTF-1.1.1.tar.gz", hash = "sha256:41c4244e9ae626d63bed42ae4785b90667b885b1535d5a4095e1f63060d12aa9"},
    {file = "Flask_WTF-1.1.1-py3-none-any.whl", hash = "sha256:7887d6f1ebb3e17bf648647422f0944c9a469d0fcf63e3b66fb9a83037e38b2c"},
]

[package.dependencies]
Flask = "*"
itsdangerous = "*"
WTForms = "*"

[package.extras]
email = ["email-validator"]

[[package]]
name = "greenlet"
version = "2.0.1"
description = "Lightweight in-process concurrent programming"
category = "main"
optional = false
python-versions = ">=2.7,!=3.0.*,!=3.1.*,!=3.2.*,!=3.3.*,!=3.4.*"
files = [
    {file = "greenlet-2.0.1-cp27-cp27m-macosx_10_14_x86_64.whl", hash = "sha256:9ed358312e63bf683b9ef22c8e442ef6c5c02973f0c2a939ec1d7b50c974015c"},
    {file = "greenlet-2.0.1-cp27-cp27m-manylinux2010_x86_64.whl", hash = "sha256:4f09b0010e55bec3239278f642a8a506b91034f03a4fb28289a7d448a67f1515"},
    {file = "greenlet-2.0.1-cp27-cp27m-win32.whl", hash = "sha256:1407fe45246632d0ffb7a3f4a520ba4e6051fc2cbd61ba1f806900c27f47706a"},
    {file = "greenlet-2.0.1-cp27-cp27m-win_amd64.whl", hash = "sha256:3001d00eba6bbf084ae60ec7f4bb8ed375748f53aeaefaf2a37d9f0370558524"},
    {file = "greenlet-2.0.1-cp27-cp27mu-manylinux2010_x86_64.whl", hash = "sha256:d566b82e92ff2e09dd6342df7e0eb4ff6275a3f08db284888dcd98134dbd4243"},
    {file = "greenlet-2.0.1-cp310-cp310-macosx_10_15_x86_64.whl", hash = "sha256:0722c9be0797f544a3ed212569ca3fe3d9d1a1b13942d10dd6f0e8601e484d26"},
    {file = "greenlet-2.0.1-cp310-cp310-manylinux_2_17_aarch64.manylinux2014_aarch64.whl", hash = "sha256:4d37990425b4687ade27810e3b1a1c37825d242ebc275066cfee8cb6b8829ccd"},
    {file = "greenlet-2.0.1-cp310-cp310-manylinux_2_17_ppc64le.manylinux2014_ppc64le.whl", hash = "sha256:be35822f35f99dcc48152c9839d0171a06186f2d71ef76dc57fa556cc9bf6b45"},
    {file = "greenlet-2.0.1-cp310-cp310-manylinux_2_17_x86_64.manylinux2014_x86_64.whl", hash = "sha256:c140e7eb5ce47249668056edf3b7e9900c6a2e22fb0eaf0513f18a1b2c14e1da"},
    {file = "greenlet-2.0.1-cp310-cp310-musllinux_1_1_aarch64.whl", hash = "sha256:d21681f09e297a5adaa73060737e3aa1279a13ecdcfcc6ef66c292cb25125b2d"},
    {file = "greenlet-2.0.1-cp310-cp310-musllinux_1_1_x86_64.whl", hash = "sha256:fb412b7db83fe56847df9c47b6fe3f13911b06339c2aa02dcc09dce8bbf582cd"},
    {file = "greenlet-2.0.1-cp310-cp310-win_amd64.whl", hash = "sha256:c6a08799e9e88052221adca55741bf106ec7ea0710bca635c208b751f0d5b617"},
    {file = "greenlet-2.0.1-cp311-cp311-macosx_10_9_universal2.whl", hash = "sha256:9e112e03d37987d7b90c1e98ba5e1b59e1645226d78d73282f45b326f7bddcb9"},
    {file = "greenlet-2.0.1-cp311-cp311-manylinux_2_17_aarch64.manylinux2014_aarch64.whl", hash = "sha256:56961cfca7da2fdd178f95ca407fa330c64f33289e1804b592a77d5593d9bd94"},
    {file = "greenlet-2.0.1-cp311-cp311-manylinux_2_17_ppc64le.manylinux2014_ppc64le.whl", hash = "sha256:13ba6e8e326e2116c954074c994da14954982ba2795aebb881c07ac5d093a58a"},
    {file = "greenlet-2.0.1-cp311-cp311-manylinux_2_17_x86_64.manylinux2014_x86_64.whl", hash = "sha256:1bf633a50cc93ed17e494015897361010fc08700d92676c87931d3ea464123ce"},
    {file = "greenlet-2.0.1-cp311-cp311-musllinux_1_1_aarch64.whl", hash = "sha256:9f2c221eecb7ead00b8e3ddb913c67f75cba078fd1d326053225a3f59d850d72"},
    {file = "greenlet-2.0.1-cp311-cp311-musllinux_1_1_x86_64.whl", hash = "sha256:13ebf93c343dd8bd010cd98e617cb4c1c1f352a0cf2524c82d3814154116aa82"},
    {file = "greenlet-2.0.1-cp311-cp311-win_amd64.whl", hash = "sha256:6f61d71bbc9b4a3de768371b210d906726535d6ca43506737682caa754b956cd"},
    {file = "greenlet-2.0.1-cp35-cp35m-macosx_10_14_x86_64.whl", hash = "sha256:2d0bac0385d2b43a7bd1d651621a4e0f1380abc63d6fb1012213a401cbd5bf8f"},
    {file = "greenlet-2.0.1-cp35-cp35m-manylinux2010_x86_64.whl", hash = "sha256:f6327b6907b4cb72f650a5b7b1be23a2aab395017aa6f1adb13069d66360eb3f"},
    {file = "greenlet-2.0.1-cp35-cp35m-win32.whl", hash = "sha256:81b0ea3715bf6a848d6f7149d25bf018fd24554a4be01fcbbe3fdc78e890b955"},
    {file = "greenlet-2.0.1-cp35-cp35m-win_amd64.whl", hash = "sha256:38255a3f1e8942573b067510f9611fc9e38196077b0c8eb7a8c795e105f9ce77"},
    {file = "greenlet-2.0.1-cp36-cp36m-macosx_10_14_x86_64.whl", hash = "sha256:04957dc96669be041e0c260964cfef4c77287f07c40452e61abe19d647505581"},
    {file = "greenlet-2.0.1-cp36-cp36m-manylinux2010_x86_64.whl", hash = "sha256:4aeaebcd91d9fee9aa768c1b39cb12214b30bf36d2b7370505a9f2165fedd8d9"},
    {file = "greenlet-2.0.1-cp36-cp36m-manylinux_2_17_aarch64.manylinux2014_aarch64.whl", hash = "sha256:974a39bdb8c90a85982cdb78a103a32e0b1be986d411303064b28a80611f6e51"},
    {file = "greenlet-2.0.1-cp36-cp36m-manylinux_2_17_ppc64le.manylinux2014_ppc64le.whl", hash = "sha256:8dca09dedf1bd8684767bc736cc20c97c29bc0c04c413e3276e0962cd7aeb148"},
    {file = "greenlet-2.0.1-cp36-cp36m-manylinux_2_17_x86_64.manylinux2014_x86_64.whl", hash = "sha256:a4c0757db9bd08470ff8277791795e70d0bf035a011a528ee9a5ce9454b6cba2"},
    {file = "greenlet-2.0.1-cp36-cp36m-musllinux_1_1_aarch64.whl", hash = "sha256:5067920de254f1a2dee8d3d9d7e4e03718e8fd2d2d9db962c8c9fa781ae82a39"},
    {file = "greenlet-2.0.1-cp36-cp36m-musllinux_1_1_x86_64.whl", hash = "sha256:5a8e05057fab2a365c81abc696cb753da7549d20266e8511eb6c9d9f72fe3e92"},
    {file = "greenlet-2.0.1-cp36-cp36m-win32.whl", hash = "sha256:3d75b8d013086b08e801fbbb896f7d5c9e6ccd44f13a9241d2bf7c0df9eda928"},
    {file = "greenlet-2.0.1-cp36-cp36m-win_amd64.whl", hash = "sha256:097e3dae69321e9100202fc62977f687454cd0ea147d0fd5a766e57450c569fd"},
    {file = "greenlet-2.0.1-cp37-cp37m-macosx_10_15_x86_64.whl", hash = "sha256:cb242fc2cda5a307a7698c93173d3627a2a90d00507bccf5bc228851e8304963"},
    {file = "greenlet-2.0.1-cp37-cp37m-manylinux2010_x86_64.whl", hash = "sha256:72b00a8e7c25dcea5946692a2485b1a0c0661ed93ecfedfa9b6687bd89a24ef5"},
    {file = "greenlet-2.0.1-cp37-cp37m-manylinux_2_17_aarch64.manylinux2014_aarch64.whl", hash = "sha256:d5b0ff9878333823226d270417f24f4d06f235cb3e54d1103b71ea537a6a86ce"},
    {file = "greenlet-2.0.1-cp37-cp37m-manylinux_2_17_ppc64le.manylinux2014_ppc64le.whl", hash = "sha256:be9e0fb2ada7e5124f5282d6381903183ecc73ea019568d6d63d33f25b2a9000"},
    {file = "greenlet-2.0.1-cp37-cp37m-manylinux_2_17_x86_64.manylinux2014_x86_64.whl", hash = "sha256:0b493db84d124805865adc587532ebad30efa68f79ad68f11b336e0a51ec86c2"},
    {file = "greenlet-2.0.1-cp37-cp37m-musllinux_1_1_aarch64.whl", hash = "sha256:0459d94f73265744fee4c2d5ec44c6f34aa8a31017e6e9de770f7bcf29710be9"},
    {file = "greenlet-2.0.1-cp37-cp37m-musllinux_1_1_x86_64.whl", hash = "sha256:a20d33124935d27b80e6fdacbd34205732660e0a1d35d8b10b3328179a2b51a1"},
    {file = "greenlet-2.0.1-cp37-cp37m-win32.whl", hash = "sha256:ea688d11707d30e212e0110a1aac7f7f3f542a259235d396f88be68b649e47d1"},
    {file = "greenlet-2.0.1-cp37-cp37m-win_amd64.whl", hash = "sha256:afe07421c969e259e9403c3bb658968702bc3b78ec0b6fde3ae1e73440529c23"},
    {file = "greenlet-2.0.1-cp38-cp38-macosx_10_15_x86_64.whl", hash = "sha256:cd4ccc364cf75d1422e66e247e52a93da6a9b73cefa8cad696f3cbbb75af179d"},
    {file = "greenlet-2.0.1-cp38-cp38-manylinux2010_x86_64.whl", hash = "sha256:4c8b1c43e75c42a6cafcc71defa9e01ead39ae80bd733a2608b297412beede68"},
    {file = "greenlet-2.0.1-cp38-cp38-manylinux_2_17_aarch64.manylinux2014_aarch64.whl", hash = "sha256:659f167f419a4609bc0516fb18ea69ed39dbb25594934bd2dd4d0401660e8a1e"},
    {file = "greenlet-2.0.1-cp38-cp38-manylinux_2_17_ppc64le.manylinux2014_ppc64le.whl", hash = "sha256:356e4519d4dfa766d50ecc498544b44c0249b6de66426041d7f8b751de4d6b48"},
    {file = "greenlet-2.0.1-cp38-cp38-manylinux_2_17_x86_64.manylinux2014_x86_64.whl", hash = "sha256:811e1d37d60b47cb8126e0a929b58c046251f28117cb16fcd371eed61f66b764"},
    {file = "greenlet-2.0.1-cp38-cp38-musllinux_1_1_aarch64.whl", hash = "sha256:d38ffd0e81ba8ef347d2be0772e899c289b59ff150ebbbbe05dc61b1246eb4e0"},
    {file = "greenlet-2.0.1-cp38-cp38-musllinux_1_1_x86_64.whl", hash = "sha256:0109af1138afbfb8ae647e31a2b1ab030f58b21dd8528c27beaeb0093b7938a9"},
    {file = "greenlet-2.0.1-cp38-cp38-win32.whl", hash = "sha256:88c8d517e78acdf7df8a2134a3c4b964415b575d2840a2746ddb1cc6175f8608"},
    {file = "greenlet-2.0.1-cp38-cp38-win_amd64.whl", hash = "sha256:d6ee1aa7ab36475035eb48c01efae87d37936a8173fc4d7b10bb02c2d75dd8f6"},
    {file = "greenlet-2.0.1-cp39-cp39-macosx_10_15_x86_64.whl", hash = "sha256:b1992ba9d4780d9af9726bbcef6a1db12d9ab1ccc35e5773685a24b7fb2758eb"},
    {file = "greenlet-2.0.1-cp39-cp39-manylinux2010_x86_64.whl", hash = "sha256:b5e83e4de81dcc9425598d9469a624826a0b1211380ac444c7c791d4a2137c19"},
    {file = "greenlet-2.0.1-cp39-cp39-manylinux_2_17_aarch64.manylinux2014_aarch64.whl", hash = "sha256:505138d4fa69462447a562a7c2ef723c6025ba12ac04478bc1ce2fcc279a2db5"},
    {file = "greenlet-2.0.1-cp39-cp39-manylinux_2_17_ppc64le.manylinux2014_ppc64le.whl", hash = "sha256:cce1e90dd302f45716a7715517c6aa0468af0bf38e814ad4eab58e88fc09f7f7"},
    {file = "greenlet-2.0.1-cp39-cp39-manylinux_2_17_x86_64.manylinux2014_x86_64.whl", hash = "sha256:9e9744c657d896c7b580455e739899e492a4a452e2dd4d2b3e459f6b244a638d"},
    {file = "greenlet-2.0.1-cp39-cp39-musllinux_1_1_aarch64.whl", hash = "sha256:662e8f7cad915ba75d8017b3e601afc01ef20deeeabf281bd00369de196d7726"},
    {file = "greenlet-2.0.1-cp39-cp39-musllinux_1_1_x86_64.whl", hash = "sha256:41b825d65f31e394b523c84db84f9383a2f7eefc13d987f308f4663794d2687e"},
    {file = "greenlet-2.0.1-cp39-cp39-win32.whl", hash = "sha256:db38f80540083ea33bdab614a9d28bcec4b54daa5aff1668d7827a9fc769ae0a"},
    {file = "greenlet-2.0.1-cp39-cp39-win_amd64.whl", hash = "sha256:b23d2a46d53210b498e5b701a1913697671988f4bf8e10f935433f6e7c332fb6"},
    {file = "greenlet-2.0.1.tar.gz", hash = "sha256:42e602564460da0e8ee67cb6d7236363ee5e131aa15943b6670e44e5c2ed0f67"},
]

[package.extras]
docs = ["Sphinx", "docutils (<0.18)"]
test = ["faulthandler", "objgraph", "psutil"]

[[package]]
name = "itsdangerous"
version = "2.1.2"
description = "Safely pass data to untrusted environments and back."
category = "main"
optional = false
python-versions = ">=3.7"
files = [
    {file = "itsdangerous-2.1.2-py3-none-any.whl", hash = "sha256:2c2349112351b88699d8d4b6b075022c0808887cb7ad10069318a8b0bc88db44"},
    {file = "itsdangerous-2.1.2.tar.gz", hash = "sha256:5dbbc68b317e5e42f327f9021763545dc3fc3bfe22e6deb96aaf1fc38874156a"},
]

[[package]]
name = "jinja2"
version = "3.1.2"
description = "A very fast and expressive template engine."
category = "main"
optional = false
python-versions = ">=3.7"
files = [
    {file = "Jinja2-3.1.2-py3-none-any.whl", hash = "sha256:6088930bfe239f0e6710546ab9c19c9ef35e29792895fed6e6e31a023a182a61"},
    {file = "Jinja2-3.1.2.tar.gz", hash = "sha256:31351a702a408a9e7595a8fc6150fc3f43bb6bf7e319770cbc0db9df9437e852"},
]

[package.dependencies]
MarkupSafe = ">=2.0"

[package.extras]
i18n = ["Babel (>=2.7)"]

[[package]]
name = "markupsafe"
version = "2.1.2"
description = "Safely add untrusted strings to HTML/XML markup."
category = "main"
optional = false
python-versions = ">=3.7"
files = [
    {file = "MarkupSafe-2.1.2-cp310-cp310-macosx_10_9_universal2.whl", hash = "sha256:665a36ae6f8f20a4676b53224e33d456a6f5a72657d9c83c2aa00765072f31f7"},
    {file = "MarkupSafe-2.1.2-cp310-cp310-macosx_10_9_x86_64.whl", hash = "sha256:340bea174e9761308703ae988e982005aedf427de816d1afe98147668cc03036"},
    {file = "MarkupSafe-2.1.2-cp310-cp310-manylinux_2_17_aarch64.manylinux2014_aarch64.whl", hash = "sha256:22152d00bf4a9c7c83960521fc558f55a1adbc0631fbb00a9471e097b19d72e1"},
    {file = "MarkupSafe-2.1.2-cp310-cp310-manylinux_2_17_x86_64.manylinux2014_x86_64.whl", hash = "sha256:28057e985dace2f478e042eaa15606c7efccb700797660629da387eb289b9323"},
    {file = "MarkupSafe-2.1.2-cp310-cp310-manylinux_2_5_i686.manylinux1_i686.manylinux_2_17_i686.manylinux2014_i686.whl", hash = "sha256:ca244fa73f50a800cf8c3ebf7fd93149ec37f5cb9596aa8873ae2c1d23498601"},
    {file = "MarkupSafe-2.1.2-cp310-cp310-musllinux_1_1_aarch64.whl", hash = "sha256:d9d971ec1e79906046aa3ca266de79eac42f1dbf3612a05dc9368125952bd1a1"},
    {file = "MarkupSafe-2.1.2-cp310-cp310-musllinux_1_1_i686.whl", hash = "sha256:7e007132af78ea9df29495dbf7b5824cb71648d7133cf7848a2a5dd00d36f9ff"},
    {file = "MarkupSafe-2.1.2-cp310-cp310-musllinux_1_1_x86_64.whl", hash = "sha256:7313ce6a199651c4ed9d7e4cfb4aa56fe923b1adf9af3b420ee14e6d9a73df65"},
    {file = "MarkupSafe-2.1.2-cp310-cp310-win32.whl", hash = "sha256:c4a549890a45f57f1ebf99c067a4ad0cb423a05544accaf2b065246827ed9603"},
    {file = "MarkupSafe-2.1.2-cp310-cp310-win_amd64.whl", hash = "sha256:835fb5e38fd89328e9c81067fd642b3593c33e1e17e2fdbf77f5676abb14a156"},
    {file = "MarkupSafe-2.1.2-cp311-cp311-macosx_10_9_universal2.whl", hash = "sha256:2ec4f2d48ae59bbb9d1f9d7efb9236ab81429a764dedca114f5fdabbc3788013"},
    {file = "MarkupSafe-2.1.2-cp311-cp311-macosx_10_9_x86_64.whl", hash = "sha256:608e7073dfa9e38a85d38474c082d4281f4ce276ac0010224eaba11e929dd53a"},
    {file = "MarkupSafe-2.1.2-cp311-cp311-manylinux_2_17_aarch64.manylinux2014_aarch64.whl", hash = "sha256:65608c35bfb8a76763f37036547f7adfd09270fbdbf96608be2bead319728fcd"},
    {file = "MarkupSafe-2.1.2-cp311-cp311-manylinux_2_17_x86_64.manylinux2014_x86_64.whl", hash = "sha256:f2bfb563d0211ce16b63c7cb9395d2c682a23187f54c3d79bfec33e6705473c6"},
    {file = "MarkupSafe-2.1.2-cp311-cp311-manylinux_2_5_i686.manylinux1_i686.manylinux_2_17_i686.manylinux2014_i686.whl", hash = "sha256:da25303d91526aac3672ee6d49a2f3db2d9502a4a60b55519feb1a4c7714e07d"},
    {file = "MarkupSafe-2.1.2-cp311-cp311-musllinux_1_1_aarch64.whl", hash = "sha256:9cad97ab29dfc3f0249b483412c85c8ef4766d96cdf9dcf5a1e3caa3f3661cf1"},
    {file = "MarkupSafe-2.1.2-cp311-cp311-musllinux_1_1_i686.whl", hash = "sha256:085fd3201e7b12809f9e6e9bc1e5c96a368c8523fad5afb02afe3c051ae4afcc"},
    {file = "MarkupSafe-2.1.2-cp311-cp311-musllinux_1_1_x86_64.whl", hash = "sha256:1bea30e9bf331f3fef67e0a3877b2288593c98a21ccb2cf29b74c581a4eb3af0"},
    {file = "MarkupSafe-2.1.2-cp311-cp311-win32.whl", hash = "sha256:7df70907e00c970c60b9ef2938d894a9381f38e6b9db73c5be35e59d92e06625"},
    {file = "MarkupSafe-2.1.2-cp311-cp311-win_amd64.whl", hash = "sha256:e55e40ff0cc8cc5c07996915ad367fa47da6b3fc091fdadca7f5403239c5fec3"},
    {file = "MarkupSafe-2.1.2-cp37-cp37m-macosx_10_9_x86_64.whl", hash = "sha256:a6e40afa7f45939ca356f348c8e23048e02cb109ced1eb8420961b2f40fb373a"},
    {file = "MarkupSafe-2.1.2-cp37-cp37m-manylinux_2_17_aarch64.manylinux2014_aarch64.whl", hash = "sha256:cf877ab4ed6e302ec1d04952ca358b381a882fbd9d1b07cccbfd61783561f98a"},
    {file = "MarkupSafe-2.1.2-cp37-cp37m-manylinux_2_17_x86_64.manylinux2014_x86_64.whl", hash = "sha256:63ba06c9941e46fa389d389644e2d8225e0e3e5ebcc4ff1ea8506dce646f8c8a"},
    {file = "MarkupSafe-2.1.2-cp37-cp37m-manylinux_2_5_i686.manylinux1_i686.manylinux_2_17_i686.manylinux2014_i686.whl", hash = "sha256:f1cd098434e83e656abf198f103a8207a8187c0fc110306691a2e94a78d0abb2"},
    {file = "MarkupSafe-2.1.2-cp37-cp37m-musllinux_1_1_aarch64.whl", hash = "sha256:55f44b440d491028addb3b88f72207d71eeebfb7b5dbf0643f7c023ae1fba619"},
    {file = "MarkupSafe-2.1.2-cp37-cp37m-musllinux_1_1_i686.whl", hash = "sha256:a6f2fcca746e8d5910e18782f976489939d54a91f9411c32051b4aab2bd7c513"},
    {file = "MarkupSafe-2.1.2-cp37-cp37m-musllinux_1_1_x86_64.whl", hash = "sha256:0b462104ba25f1ac006fdab8b6a01ebbfbce9ed37fd37fd4acd70c67c973e460"},
    {file = "MarkupSafe-2.1.2-cp37-cp37m-win32.whl", hash = "sha256:7668b52e102d0ed87cb082380a7e2e1e78737ddecdde129acadb0eccc5423859"},
    {file = "MarkupSafe-2.1.2-cp37-cp37m-win_amd64.whl", hash = "sha256:6d6607f98fcf17e534162f0709aaad3ab7a96032723d8ac8750ffe17ae5a0666"},
    {file = "MarkupSafe-2.1.2-cp38-cp38-macosx_10_9_universal2.whl", hash = "sha256:a806db027852538d2ad7555b203300173dd1b77ba116de92da9afbc3a3be3eed"},
    {file = "MarkupSafe-2.1.2-cp38-cp38-macosx_10_9_x86_64.whl", hash = "sha256:a4abaec6ca3ad8660690236d11bfe28dfd707778e2442b45addd2f086d6ef094"},
    {file = "MarkupSafe-2.1.2-cp38-cp38-manylinux_2_17_aarch64.manylinux2014_aarch64.whl", hash = "sha256:f03a532d7dee1bed20bc4884194a16160a2de9ffc6354b3878ec9682bb623c54"},
    {file = "MarkupSafe-2.1.2-cp38-cp38-manylinux_2_17_x86_64.manylinux2014_x86_64.whl", hash = "sha256:4cf06cdc1dda95223e9d2d3c58d3b178aa5dacb35ee7e3bbac10e4e1faacb419"},
    {file = "MarkupSafe-2.1.2-cp38-cp38-manylinux_2_5_i686.manylinux1_i686.manylinux_2_17_i686.manylinux2014_i686.whl", hash = "sha256:22731d79ed2eb25059ae3df1dfc9cb1546691cc41f4e3130fe6bfbc3ecbbecfa"},
    {file = "MarkupSafe-2.1.2-cp38-cp38-musllinux_1_1_aarch64.whl", hash = "sha256:f8ffb705ffcf5ddd0e80b65ddf7bed7ee4f5a441ea7d3419e861a12eaf41af58"},
    {file = "MarkupSafe-2.1.2-cp38-cp38-musllinux_1_1_i686.whl", hash = "sha256:8db032bf0ce9022a8e41a22598eefc802314e81b879ae093f36ce9ddf39ab1ba"},
    {file = "MarkupSafe-2.1.2-cp38-cp38-musllinux_1_1_x86_64.whl", hash = "sha256:2298c859cfc5463f1b64bd55cb3e602528db6fa0f3cfd568d3605c50678f8f03"},
    {file = "MarkupSafe-2.1.2-cp38-cp38-win32.whl", hash = "sha256:50c42830a633fa0cf9e7d27664637532791bfc31c731a87b202d2d8ac40c3ea2"},
    {file = "MarkupSafe-2.1.2-cp38-cp38-win_amd64.whl", hash = "sha256:bb06feb762bade6bf3c8b844462274db0c76acc95c52abe8dbed28ae3d44a147"},
    {file = "MarkupSafe-2.1.2-cp39-cp39-macosx_10_9_universal2.whl", hash = "sha256:99625a92da8229df6d44335e6fcc558a5037dd0a760e11d84be2260e6f37002f"},
    {file = "MarkupSafe-2.1.2-cp39-cp39-macosx_10_9_x86_64.whl", hash = "sha256:8bca7e26c1dd751236cfb0c6c72d4ad61d986e9a41bbf76cb445f69488b2a2bd"},
    {file = "MarkupSafe-2.1.2-cp39-cp39-manylinux_2_17_aarch64.manylinux2014_aarch64.whl", hash = "sha256:40627dcf047dadb22cd25ea7ecfe9cbf3bbbad0482ee5920b582f3809c97654f"},
    {file = "MarkupSafe-2.1.2-cp39-cp39-manylinux_2_17_x86_64.manylinux2014_x86_64.whl", hash = "sha256:40dfd3fefbef579ee058f139733ac336312663c6706d1163b82b3003fb1925c4"},
    {file = "MarkupSafe-2.1.2-cp39-cp39-manylinux_2_5_i686.manylinux1_i686.manylinux_2_17_i686.manylinux2014_i686.whl", hash = "sha256:090376d812fb6ac5f171e5938e82e7f2d7adc2b629101cec0db8b267815c85e2"},
    {file = "MarkupSafe-2.1.2-cp39-cp39-musllinux_1_1_aarch64.whl", hash = "sha256:2e7821bffe00aa6bd07a23913b7f4e01328c3d5cc0b40b36c0bd81d362faeb65"},
    {file = "MarkupSafe-2.1.2-cp39-cp39-musllinux_1_1_i686.whl", hash = "sha256:c0a33bc9f02c2b17c3ea382f91b4db0e6cde90b63b296422a939886a7a80de1c"},
    {file = "MarkupSafe-2.1.2-cp39-cp39-musllinux_1_1_x86_64.whl", hash = "sha256:b8526c6d437855442cdd3d87eede9c425c4445ea011ca38d937db299382e6fa3"},
    {file = "MarkupSafe-2.1.2-cp39-cp39-win32.whl", hash = "sha256:137678c63c977754abe9086a3ec011e8fd985ab90631145dfb9294ad09c102a7"},
    {file = "MarkupSafe-2.1.2-cp39-cp39-win_amd64.whl", hash = "sha256:0576fe974b40a400449768941d5d0858cc624e3249dfd1e0c33674e5c7ca7aed"},
    {file = "MarkupSafe-2.1.2.tar.gz", hash = "sha256:abcabc8c2b26036d62d4c746381a6f7cf60aafcc653198ad678306986b09450d"},
]

[[package]]
name = "pytz"
version = "2022.7.1"
description = "World timezone definitions, modern and historical"
category = "main"
optional = false
python-versions = "*"
files = [
    {file = "pytz-2022.7.1-py2.py3-none-any.whl", hash = "sha256:78f4f37d8198e0627c5f1143240bb0206b8691d8d7ac6d78fee88b78733f8c4a"},
    {file = "pytz-2022.7.1.tar.gz", hash = "sha256:01a0681c4b9684a28304615eba55d1ab31ae00bf68ec157ec3708a8182dbbcd0"},
]

[[package]]
name = "setuptools"
version = "66.1.1"
description = "Easily download, build, install, upgrade, and uninstall Python packages"
category = "main"
optional = false
python-versions = ">=3.7"
files = [
    {file = "setuptools-66.1.1-py3-none-any.whl", hash = "sha256:6f590d76b713d5de4e49fe4fbca24474469f53c83632d5d0fd056f7ff7e8112b"},
    {file = "setuptools-66.1.1.tar.gz", hash = "sha256:ac4008d396bc9cd983ea483cb7139c0240a07bbc74ffb6232fceffedc6cf03a8"},
]

[package.extras]
docs = ["furo", "jaraco.packaging (>=9)", "jaraco.tidelift (>=1.4)", "pygments-github-lexers (==0.0.5)", "rst.linker (>=1.9)", "sphinx (>=3.5)", "sphinx-favicon", "sphinx-hoverxref (<2)", "sphinx-inline-tabs", "sphinx-lint", "sphinx-notfound-page (==0.8.3)", "sphinx-reredirects", "sphinxcontrib-towncrier"]
testing = ["build[virtualenv]", "filelock (>=3.4.0)", "flake8 (<5)", "flake8-2020", "ini2toml[lite] (>=0.9)", "jaraco.envs (>=2.2)", "jaraco.path (>=3.2.0)", "pip (>=19.1)", "pip-run (>=8.8)", "pytest (>=6)", "pytest-black (>=0.3.7)", "pytest-checkdocs (>=2.4)", "pytest-cov", "pytest-enabler (>=1.3)", "pytest-flake8", "pytest-mypy (>=0.9.1)", "pytest-perf", "pytest-timeout", "pytest-xdist", "tomli-w (>=1.0.0)", "virtualenv (>=13.0.0)", "wheel"]
testing-integration = ["build[virtualenv]", "filelock (>=3.4.0)", "jaraco.envs (>=2.2)", "jaraco.path (>=3.2.0)", "pytest", "pytest-enabler", "pytest-xdist", "tomli", "virtualenv (>=13.0.0)", "wheel"]

[[package]]
name = "sqlalchemy"
version = "1.4.46"
description = "Database Abstraction Library"
category = "main"
optional = false
python-versions = "!=3.0.*,!=3.1.*,!=3.2.*,!=3.3.*,!=3.4.*,!=3.5.*,>=2.7"
files = [
    {file = "SQLAlchemy-1.4.46-cp27-cp27m-macosx_10_14_x86_64.whl", hash = "sha256:7001f16a9a8e06488c3c7154827c48455d1c1507d7228d43e781afbc8ceccf6d"},
    {file = "SQLAlchemy-1.4.46-cp27-cp27m-manylinux_2_5_x86_64.manylinux1_x86_64.whl", hash = "sha256:c7a46639ba058d320c9f53a81db38119a74b8a7a1884df44d09fbe807d028aaf"},
    {file = "SQLAlchemy-1.4.46-cp27-cp27m-win32.whl", hash = "sha256:c04144a24103135ea0315d459431ac196fe96f55d3213bfd6d39d0247775c854"},
    {file = "SQLAlchemy-1.4.46-cp27-cp27m-win_amd64.whl", hash = "sha256:7b81b1030c42b003fc10ddd17825571603117f848814a344d305262d370e7c34"},
    {file = "SQLAlchemy-1.4.46-cp27-cp27mu-manylinux_2_5_x86_64.manylinux1_x86_64.whl", hash = "sha256:939f9a018d2ad04036746e15d119c0428b1e557470361aa798e6e7d7f5875be0"},
    {file = "SQLAlchemy-1.4.46-cp310-cp310-macosx_11_0_x86_64.whl", hash = "sha256:b7f4b6aa6e87991ec7ce0e769689a977776db6704947e562102431474799a857"},
    {file = "SQLAlchemy-1.4.46-cp310-cp310-manylinux_2_17_aarch64.manylinux2014_aarch64.whl", hash = "sha256:5dbf17ac9a61e7a3f1c7ca47237aac93cabd7f08ad92ac5b96d6f8dea4287fc1"},
    {file = "SQLAlchemy-1.4.46-cp310-cp310-manylinux_2_5_x86_64.manylinux1_x86_64.manylinux_2_12_x86_64.manylinux2010_x86_64.whl", hash = "sha256:7f8267682eb41a0584cf66d8a697fef64b53281d01c93a503e1344197f2e01fe"},
    {file = "SQLAlchemy-1.4.46-cp310-cp310-manylinux_2_5_x86_64.manylinux1_x86_64.manylinux_2_17_x86_64.manylinux2014_x86_64.whl", hash = "sha256:64cb0ad8a190bc22d2112001cfecdec45baffdf41871de777239da6a28ed74b6"},
    {file = "SQLAlchemy-1.4.46-cp310-cp310-win32.whl", hash = "sha256:5f752676fc126edc1c4af0ec2e4d2adca48ddfae5de46bb40adbd3f903eb2120"},
    {file = "SQLAlchemy-1.4.46-cp310-cp310-win_amd64.whl", hash = "sha256:31de1e2c45e67a5ec1ecca6ec26aefc299dd5151e355eb5199cd9516b57340be"},
    {file = "SQLAlchemy-1.4.46-cp311-cp311-macosx_10_9_universal2.whl", hash = "sha256:d68e1762997bfebf9e5cf2a9fd0bcf9ca2fdd8136ce7b24bbd3bbfa4328f3e4a"},
    {file = "SQLAlchemy-1.4.46-cp311-cp311-manylinux_2_17_aarch64.manylinux2014_aarch64.whl", hash = "sha256:4d112b0f3c1bc5ff70554a97344625ef621c1bfe02a73c5d97cac91f8cd7a41e"},
    {file = "SQLAlchemy-1.4.46-cp311-cp311-manylinux_2_5_x86_64.manylinux1_x86_64.manylinux_2_17_x86_64.manylinux2014_x86_64.whl", hash = "sha256:69fac0a7054d86b997af12dc23f581cf0b25fb1c7d1fed43257dee3af32d3d6d"},
    {file = "SQLAlchemy-1.4.46-cp311-cp311-win32.whl", hash = "sha256:887865924c3d6e9a473dc82b70977395301533b3030d0f020c38fd9eba5419f2"},
    {file = "SQLAlchemy-1.4.46-cp311-cp311-win_amd64.whl", hash = "sha256:984ee13543a346324319a1fb72b698e521506f6f22dc37d7752a329e9cd00a32"},
    {file = "SQLAlchemy-1.4.46-cp36-cp36m-macosx_10_14_x86_64.whl", hash = "sha256:9167d4227b56591a4cc5524f1b79ccd7ea994f36e4c648ab42ca995d28ebbb96"},
    {file = "SQLAlchemy-1.4.46-cp36-cp36m-manylinux_2_17_aarch64.manylinux2014_aarch64.whl", hash = "sha256:d61e9ecc849d8d44d7f80894ecff4abe347136e9d926560b818f6243409f3c86"},
    {file = "SQLAlchemy-1.4.46-cp36-cp36m-manylinux_2_5_x86_64.manylinux1_x86_64.manylinux_2_12_x86_64.manylinux2010_x86_64.whl", hash = "sha256:3ec187acf85984263299a3f15c34a6c0671f83565d86d10f43ace49881a82718"},
    {file = "SQLAlchemy-1.4.46-cp36-cp36m-manylinux_2_5_x86_64.manylinux1_x86_64.manylinux_2_17_x86_64.manylinux2014_x86_64.whl", hash = "sha256:9883f5fae4fd8e3f875adc2add69f8b945625811689a6c65866a35ee9c0aea23"},
    {file = "SQLAlchemy-1.4.46-cp36-cp36m-win32.whl", hash = "sha256:535377e9b10aff5a045e3d9ada8a62d02058b422c0504ebdcf07930599890eb0"},
    {file = "SQLAlchemy-1.4.46-cp36-cp36m-win_amd64.whl", hash = "sha256:18cafdb27834fa03569d29f571df7115812a0e59fd6a3a03ccb0d33678ec8420"},
    {file = "SQLAlchemy-1.4.46-cp37-cp37m-macosx_10_15_x86_64.whl", hash = "sha256:a1ad90c97029cc3ab4ffd57443a20fac21d2ec3c89532b084b073b3feb5abff3"},
    {file = "SQLAlchemy-1.4.46-cp37-cp37m-manylinux_2_17_aarch64.manylinux2014_aarch64.whl", hash = "sha256:4847f4b1d822754e35707db913396a29d874ee77b9c3c3ef3f04d5a9a6209618"},
    {file = "SQLAlchemy-1.4.46-cp37-cp37m-manylinux_2_5_x86_64.manylinux1_x86_64.manylinux_2_12_x86_64.manylinux2010_x86_64.whl", hash = "sha256:c5a99282848b6cae0056b85da17392a26b2d39178394fc25700bcf967e06e97a"},
    {file = "SQLAlchemy-1.4.46-cp37-cp37m-manylinux_2_5_x86_64.manylinux1_x86_64.manylinux_2_17_x86_64.manylinux2014_x86_64.whl", hash = "sha256:d4b1cc7835b39835c75cf7c20c926b42e97d074147c902a9ebb7cf2c840dc4e2"},
    {file = "SQLAlchemy-1.4.46-cp37-cp37m-win32.whl", hash = "sha256:c522e496f9b9b70296a7675272ec21937ccfc15da664b74b9f58d98a641ce1b6"},
    {file = "SQLAlchemy-1.4.46-cp37-cp37m-win_amd64.whl", hash = "sha256:ae067ab639fa499f67ded52f5bc8e084f045d10b5ac7bb928ae4ca2b6c0429a5"},
    {file = "SQLAlchemy-1.4.46-cp38-cp38-macosx_10_15_x86_64.whl", hash = "sha256:e3c1808008124850115a3f7e793a975cfa5c8a26ceeeb9ff9cbb4485cac556df"},
    {file = "SQLAlchemy-1.4.46-cp38-cp38-manylinux_2_17_aarch64.manylinux2014_aarch64.whl", hash = "sha256:d4d164df3d83d204c69f840da30b292ac7dc54285096c6171245b8d7807185aa"},
    {file = "SQLAlchemy-1.4.46-cp38-cp38-manylinux_2_5_x86_64.manylinux1_x86_64.manylinux_2_12_x86_64.manylinux2010_x86_64.whl", hash = "sha256:b33ffbdbbf5446cf36cd4cc530c9d9905d3c2fe56ed09e25c22c850cdb9fac92"},
    {file = "SQLAlchemy-1.4.46-cp38-cp38-manylinux_2_5_x86_64.manylinux1_x86_64.manylinux_2_17_x86_64.manylinux2014_x86_64.whl", hash = "sha256:3d94682732d1a0def5672471ba42a29ff5e21bb0aae0afa00bb10796fc1e28dd"},
    {file = "SQLAlchemy-1.4.46-cp38-cp38-win32.whl", hash = "sha256:f8cb80fe8d14307e4124f6fad64dfd87ab749c9d275f82b8b4ec84c84ecebdbe"},
    {file = "SQLAlchemy-1.4.46-cp38-cp38-win_amd64.whl", hash = "sha256:07e48cbcdda6b8bc7a59d6728bd3f5f574ffe03f2c9fb384239f3789c2d95c2e"},
    {file = "SQLAlchemy-1.4.46-cp39-cp39-macosx_11_0_x86_64.whl", hash = "sha256:1b1e5e96e2789d89f023d080bee432e2fef64d95857969e70d3cadec80bd26f0"},
    {file = "SQLAlchemy-1.4.46-cp39-cp39-manylinux_2_17_aarch64.manylinux2014_aarch64.whl", hash = "sha256:a3714e5b33226131ac0da60d18995a102a17dddd42368b7bdd206737297823ad"},
    {file = "SQLAlchemy-1.4.46-cp39-cp39-manylinux_2_5_x86_64.manylinux1_x86_64.manylinux_2_12_x86_64.manylinux2010_x86_64.whl", hash = "sha256:955162ad1a931fe416eded6bb144ba891ccbf9b2e49dc7ded39274dd9c5affc5"},
    {file = "SQLAlchemy-1.4.46-cp39-cp39-manylinux_2_5_x86_64.manylinux1_x86_64.manylinux_2_17_x86_64.manylinux2014_x86_64.whl", hash = "sha256:b6e4cb5c63f705c9d546a054c60d326cbde7421421e2d2565ce3e2eee4e1a01f"},
    {file = "SQLAlchemy-1.4.46-cp39-cp39-win32.whl", hash = "sha256:51e1ba2884c6a2b8e19109dc08c71c49530006c1084156ecadfaadf5f9b8b053"},
    {file = "SQLAlchemy-1.4.46-cp39-cp39-win_amd64.whl", hash = "sha256:315676344e3558f1f80d02535f410e80ea4e8fddba31ec78fe390eff5fb8f466"},
    {file = "SQLAlchemy-1.4.46.tar.gz", hash = "sha256:6913b8247d8a292ef8315162a51931e2b40ce91681f1b6f18f697045200c4a30"},
]

[package.dependencies]
greenlet = {version = "!=0.4.17", markers = "python_version >= \"3\" and (platform_machine == \"aarch64\" or platform_machine == \"ppc64le\" or platform_machine == \"x86_64\" or platform_machine == \"amd64\" or platform_machine == \"AMD64\" or platform_machine == \"win32\" or platform_machine == \"WIN32\")"}

[package.extras]
aiomysql = ["aiomysql", "greenlet (!=0.4.17)"]
aiosqlite = ["aiosqlite", "greenlet (!=0.4.17)", "typing-extensions (!=3.10.0.1)"]
asyncio = ["greenlet (!=0.4.17)"]
asyncmy = ["asyncmy (>=0.2.3,!=0.2.4)", "greenlet (!=0.4.17)"]
mariadb-connector = ["mariadb (>=1.0.1,!=1.1.2)"]
mssql = ["pyodbc"]
mssql-pymssql = ["pymssql"]
mssql-pyodbc = ["pyodbc"]
mypy = ["mypy (>=0.910)", "sqlalchemy2-stubs"]
mysql = ["mysqlclient (>=1.4.0)", "mysqlclient (>=1.4.0,<2)"]
mysql-connector = ["mysql-connector-python"]
oracle = ["cx-oracle (>=7)", "cx-oracle (>=7,<8)"]
postgresql = ["psycopg2 (>=2.7)"]
postgresql-asyncpg = ["asyncpg", "greenlet (!=0.4.17)"]
postgresql-pg8000 = ["pg8000 (>=1.16.6,!=1.29.0)"]
postgresql-psycopg2binary = ["psycopg2-binary"]
postgresql-psycopg2cffi = ["psycopg2cffi"]
pymysql = ["pymysql", "pymysql (<1)"]
sqlcipher = ["sqlcipher3-binary"]

[[package]]
name = "visitor"
version = "0.1.3"
description = "A tiny pythonic visitor implementation."
category = "main"
optional = false
python-versions = "*"
files = [
    {file = "visitor-0.1.3.tar.gz", hash = "sha256:2c737903b2b6864ebc6167eef7cf3b997126f1aa94bdf590f90f1436d23e480a"},
]

[[package]]
name = "werkzeug"
version = "2.2.2"
description = "The comprehensive WSGI web application library."
category = "main"
optional = false
python-versions = ">=3.7"
files = [
    {file = "Werkzeug-2.2.2-py3-none-any.whl", hash = "sha256:f979ab81f58d7318e064e99c4506445d60135ac5cd2e177a2de0089bfd4c9bd5"},
    {file = "Werkzeug-2.2.2.tar.gz", hash = "sha256:7ea2d48322cc7c0f8b3a215ed73eabd7b5d75d0b50e31ab006286ccff9e00b8f"},
]

[package.dependencies]
MarkupSafe = ">=2.1.1"

[package.extras]
watchdog = ["watchdog"]

[[package]]
name = "wtforms"
version = "3.0.1"
description = "Form validation and rendering for Python web development."
category = "main"
optional = false
python-versions = ">=3.7"
files = [
    {file = "WTForms-3.0.1-py3-none-any.whl", hash = "sha256:837f2f0e0ca79481b92884962b914eba4e72b7a2daaf1f939c890ed0124b834b"},
    {file = "WTForms-3.0.1.tar.gz", hash = "sha256:6b351bbb12dd58af57ffef05bc78425d08d1914e0fd68ee14143b7ade023c5bc"},
]

[package.dependencies]
MarkupSafe = "*"

[package.extras]
email = ["email-validator"]

[[package]]
name = "zope-interface"
version = "5.5.2"
description = "Interfaces for Python"
category = "main"
optional = false
python-versions = ">=2.7, !=3.0.*, !=3.1.*, !=3.2.*, !=3.3.*, !=3.4.*"
files = [
    {file = "zope.interface-5.5.2-cp27-cp27m-macosx_10_14_x86_64.whl", hash = "sha256:a2ad597c8c9e038a5912ac3cf166f82926feff2f6e0dabdab956768de0a258f5"},
    {file = "zope.interface-5.5.2-cp27-cp27m-win_amd64.whl", hash = "sha256:65c3c06afee96c654e590e046c4a24559e65b0a87dbff256cd4bd6f77e1a33f9"},
    {file = "zope.interface-5.5.2-cp310-cp310-macosx_10_9_x86_64.whl", hash = "sha256:d514c269d1f9f5cd05ddfed15298d6c418129f3f064765295659798349c43e6f"},
    {file = "zope.interface-5.5.2-cp310-cp310-macosx_11_0_arm64.whl", hash = "sha256:5334e2ef60d3d9439c08baedaf8b84dc9bb9522d0dacbc10572ef5609ef8db6d"},
    {file = "zope.interface-5.5.2-cp310-cp310-manylinux_2_17_aarch64.manylinux2014_aarch64.whl", hash = "sha256:dc26c8d44472e035d59d6f1177eb712888447f5799743da9c398b0339ed90b1b"},
    {file = "zope.interface-5.5.2-cp310-cp310-manylinux_2_5_i686.manylinux1_i686.manylinux_2_12_i686.manylinux2010_i686.whl", hash = "sha256:17ebf6e0b1d07ed009738016abf0d0a0f80388e009d0ac6e0ead26fc162b3b9c"},
    {file = "zope.interface-5.5.2-cp310-cp310-manylinux_2_5_x86_64.manylinux1_x86_64.manylinux_2_12_x86_64.manylinux2010_x86_64.whl", hash = "sha256:f98d4bd7bbb15ca701d19b93263cc5edfd480c3475d163f137385f49e5b3a3a7"},
    {file = "zope.interface-5.5.2-cp310-cp310-win_amd64.whl", hash = "sha256:696f3d5493eae7359887da55c2afa05acc3db5fc625c49529e84bd9992313296"},
    {file = "zope.interface-5.5.2-cp311-cp311-macosx_10_9_x86_64.whl", hash = "sha256:7579960be23d1fddecb53898035a0d112ac858c3554018ce615cefc03024e46d"},
    {file = "zope.interface-5.5.2-cp311-cp311-macosx_11_0_arm64.whl", hash = "sha256:765d703096ca47aa5d93044bf701b00bbce4d903a95b41fff7c3796e747b1f1d"},
    {file = "zope.interface-5.5.2-cp311-cp311-manylinux_2_17_aarch64.manylinux2014_aarch64.whl", hash = "sha256:e945de62917acbf853ab968d8916290548df18dd62c739d862f359ecd25842a6"},
    {file = "zope.interface-5.5.2-cp311-cp311-win_amd64.whl", hash = "sha256:655796a906fa3ca67273011c9805c1e1baa047781fca80feeb710328cdbed87f"},
    {file = "zope.interface-5.5.2-cp35-cp35m-win_amd64.whl", hash = "sha256:0fb497c6b088818e3395e302e426850f8236d8d9f4ef5b2836feae812a8f699c"},
    {file = "zope.interface-5.5.2-cp36-cp36m-macosx_10_14_x86_64.whl", hash = "sha256:008b0b65c05993bb08912f644d140530e775cf1c62a072bf9340c2249e613c32"},
    {file = "zope.interface-5.5.2-cp36-cp36m-manylinux_2_17_aarch64.manylinux2014_aarch64.whl", hash = "sha256:404d1e284eda9e233c90128697c71acffd55e183d70628aa0bbb0e7a3084ed8b"},
    {file = "zope.interface-5.5.2-cp36-cp36m-manylinux_2_5_i686.manylinux1_i686.manylinux_2_12_i686.manylinux2010_i686.whl", hash = "sha256:3218ab1a7748327e08ef83cca63eea7cf20ea7e2ebcb2522072896e5e2fceedf"},
    {file = "zope.interface-5.5.2-cp36-cp36m-manylinux_2_5_x86_64.manylinux1_x86_64.manylinux_2_12_x86_64.manylinux2010_x86_64.whl", hash = "sha256:d169ccd0756c15bbb2f1acc012f5aab279dffc334d733ca0d9362c5beaebe88e"},
    {file = "zope.interface-5.5.2-cp36-cp36m-win_amd64.whl", hash = "sha256:e1574980b48c8c74f83578d1e77e701f8439a5d93f36a5a0af31337467c08fcf"},
    {file = "zope.interface-5.5.2-cp37-cp37m-macosx_10_15_x86_64.whl", hash = "sha256:0217a9615531c83aeedb12e126611b1b1a3175013bbafe57c702ce40000eb9a0"},
    {file = "zope.interface-5.5.2-cp37-cp37m-manylinux_2_17_aarch64.manylinux2014_aarch64.whl", hash = "sha256:311196634bb9333aa06f00fc94f59d3a9fddd2305c2c425d86e406ddc6f2260d"},
    {file = "zope.interface-5.5.2-cp37-cp37m-manylinux_2_5_i686.manylinux1_i686.manylinux_2_12_i686.manylinux2010_i686.whl", hash = "sha256:6373d7eb813a143cb7795d3e42bd8ed857c82a90571567e681e1b3841a390d16"},
    {file = "zope.interface-5.5.2-cp37-cp37m-manylinux_2_5_x86_64.manylinux1_x86_64.manylinux_2_12_x86_64.manylinux2010_x86_64.whl", hash = "sha256:959697ef2757406bff71467a09d940ca364e724c534efbf3786e86eee8591452"},
    {file = "zope.interface-5.5.2-cp37-cp37m-win_amd64.whl", hash = "sha256:dbaeb9cf0ea0b3bc4b36fae54a016933d64c6d52a94810a63c00f440ecb37dd7"},
    {file = "zope.interface-5.5.2-cp38-cp38-macosx_10_9_x86_64.whl", hash = "sha256:604cdba8f1983d0ab78edc29aa71c8df0ada06fb147cea436dc37093a0100a4e"},
    {file = "zope.interface-5.5.2-cp38-cp38-macosx_11_0_arm64.whl", hash = "sha256:e74a578172525c20d7223eac5f8ad187f10940dac06e40113d62f14f3adb1e8f"},
    {file = "zope.interface-5.5.2-cp38-cp38-manylinux_2_17_aarch64.manylinux2014_aarch64.whl", hash = "sha256:f0980d44b8aded808bec5059018d64692f0127f10510eca71f2f0ace8fb11188"},
    {file = "zope.interface-5.5.2-cp38-cp38-manylinux_2_5_i686.manylinux1_i686.manylinux_2_12_i686.manylinux2010_i686.whl", hash = "sha256:6e972493cdfe4ad0411fd9abfab7d4d800a7317a93928217f1a5de2bb0f0d87a"},
    {file = "zope.interface-5.5.2-cp38-cp38-manylinux_2_5_x86_64.manylinux1_x86_64.manylinux_2_12_x86_64.manylinux2010_x86_64.whl", hash = "sha256:9d783213fab61832dbb10d385a319cb0e45451088abd45f95b5bb88ed0acca1a"},
    {file = "zope.interface-5.5.2-cp38-cp38-win_amd64.whl", hash = "sha256:a16025df73d24795a0bde05504911d306307c24a64187752685ff6ea23897cb0"},
    {file = "zope.interface-5.5.2-cp39-cp39-macosx_10_9_x86_64.whl", hash = "sha256:40f4065745e2c2fa0dff0e7ccd7c166a8ac9748974f960cd39f63d2c19f9231f"},
    {file = "zope.interface-5.5.2-cp39-cp39-macosx_11_0_arm64.whl", hash = "sha256:8a2ffadefd0e7206adc86e492ccc60395f7edb5680adedf17a7ee4205c530df4"},
    {file = "zope.interface-5.5.2-cp39-cp39-manylinux_2_17_aarch64.manylinux2014_aarch64.whl", hash = "sha256:d692374b578360d36568dd05efb8a5a67ab6d1878c29c582e37ddba80e66c396"},
    {file = "zope.interface-5.5.2-cp39-cp39-manylinux_2_5_i686.manylinux1_i686.manylinux_2_12_i686.manylinux2010_i686.whl", hash = "sha256:4087e253bd3bbbc3e615ecd0b6dd03c4e6a1e46d152d3be6d2ad08fbad742dcc"},
    {file = "zope.interface-5.5.2-cp39-cp39-manylinux_2_5_x86_64.manylinux1_x86_64.manylinux_2_12_x86_64.manylinux2010_x86_64.whl", hash = "sha256:fb68d212efd057596dee9e6582daded9f8ef776538afdf5feceb3059df2d2e7b"},
    {file = "zope.interface-5.5.2-cp39-cp39-win_amd64.whl", hash = "sha256:7e66f60b0067a10dd289b29dceabd3d0e6d68be1504fc9d0bc209cf07f56d189"},
    {file = "zope.interface-5.5.2.tar.gz", hash = "sha256:bfee1f3ff62143819499e348f5b8a7f3aa0259f9aca5e0ddae7391d059dce671"},
]

[package.dependencies]
setuptools = "*"

[package.extras]
docs = ["Sphinx", "repoze.sphinx.autointerface"]
test = ["coverage (>=5.0.3)", "zope.event", "zope.testing"]
testing = ["coverage (>=5.0.3)", "zope.event", "zope.testing"]

[metadata]
lock-version = "2.0"
python-versions = "^3.10"
content-hash = "0ff69e02a21eb5005c8b6044e4cdabd768906af7b3965e621d58ecf5a67493f3"
